
Microsoft Visual Studio Solution File, Format Version 12.00
# Visual Studio Version 17
VisualStudioVersion = 17.10.35027.167
MinimumVisualStudioVersion = 10.0.40219.1
Project("{FAE04EC0-301F-11D3-BF4B-00C04F79EFBC}") = "Day8.net", "Day8.net\Day8.net.csproj", "{A337A28F-A1A8-4A1B-A9D7-7B23BF60EF55}"
EndProject
Global
	GlobalSection(SolutionConfigurationPlatforms) = preSolution
		Debug|Any CPU = Debug|Any CPU
		Release|Any CPU = Release|Any CPU
	EndGlobalSection
	GlobalSection(ProjectConfigurationPlatforms) = postSolution
		{A337A28F-A1A8-4A1B-A9D7-7B23BF60EF55}.Debug|Any CPU.ActiveCfg = Debug|Any CPU
		{A337A28F-A1A8-4A1B-A9D7-7B23BF60EF55}.Debug|Any CPU.Build.0 = Debug|Any CPU
		{A337A28F-A1A8-4A1B-A9D7-7B23BF60EF55}.Release|Any CPU.ActiveCfg = Release|Any CPU
		{A337A28F-A1A8-4A1B-A9D7-7B23BF60EF55}.Release|Any CPU.Build.0 = Release|Any CPU
	EndGlobalSection
	GlobalSection(SolutionProperties) = preSolution
		HideSolutionNode = FALSE
	EndGlobalSection
	GlobalSection(ExtensibilityGlobals) = postSolution
		SolutionGuid = {70546C96-05D6-4CDC-B379-DE186CB42698}
	EndGlobalSection
EndGlobal
